// !$*UTF8*$!
{
	archiveVersion = 1;
	classes = {
	};
	objectVersion = 52;
	objects = {

/* Begin PBXBuildFile section */
		D015D38824AB158000E9839B /* Rx++.swift in Sources */ = {isa = PBXBuildFile; fileRef = D015D38724AB158000E9839B /* Rx++.swift */; };
		D0AE3C8D249F0CA200C1DBFF /* RxDataSources in Frameworks */ = {isa = PBXBuildFile; productRef = D0AE3C8C249F0CA200C1DBFF /* RxDataSources */; };
		D0AE3C8F249F0CA200C1DBFF /* Differentiator in Frameworks */ = {isa = PBXBuildFile; productRef = D0AE3C8E249F0CA200C1DBFF /* Differentiator */; };
		D0AE3C95249F13A400C1DBFF /* TinyConstraints in Frameworks */ = {isa = PBXBuildFile; productRef = D0AE3C94249F13A400C1DBFF /* TinyConstraints */; };
		D0C9DCDD24A892CC006CEFD3 /* RxSwift in Frameworks */ = {isa = PBXBuildFile; productRef = D0C9DCDC24A892CC006CEFD3 /* RxSwift */; };
		D0C9DCDF24A892CC006CEFD3 /* RxCocoa in Frameworks */ = {isa = PBXBuildFile; productRef = D0C9DCDE24A892CC006CEFD3 /* RxCocoa */; };
		D0C9DCE624A8934F006CEFD3 /* Toast.swift in Sources */ = {isa = PBXBuildFile; fileRef = D0C9DCE124A8934F006CEFD3 /* Toast.swift */; };
		D0C9DCE724A8934F006CEFD3 /* BottomTextFieldDemoVC.swift in Sources */ = {isa = PBXBuildFile; fileRef = D0C9DCE324A8934F006CEFD3 /* BottomTextFieldDemoVC.swift */; };
		D0C9DCE824A8934F006CEFD3 /* BottomTextFieldDemo2VC.swift in Sources */ = {isa = PBXBuildFile; fileRef = D0C9DCE424A8934F006CEFD3 /* BottomTextFieldDemo2VC.swift */; };
		D0C9DCE924A8934F006CEFD3 /* DemoListViewController.swift in Sources */ = {isa = PBXBuildFile; fileRef = D0C9DCE524A8934F006CEFD3 /* DemoListViewController.swift */; };
		D0C9DCF124A8A804006CEFD3 /* Notification++.swift in Sources */ = {isa = PBXBuildFile; fileRef = D0C9DCF024A8A804006CEFD3 /* Notification++.swift */; };
		D0E1A087249C6BEB002F4670 /* AppDelegate.swift in Sources */ = {isa = PBXBuildFile; fileRef = D0E1A086249C6BEB002F4670 /* AppDelegate.swift */; };
		D0E1A090249C6BEE002F4670 /* Assets.xcassets in Resources */ = {isa = PBXBuildFile; fileRef = D0E1A08F249C6BEE002F4670 /* Assets.xcassets */; };
		D0E1A093249C6BEE002F4670 /* LaunchScreen.storyboard in Resources */ = {isa = PBXBuildFile; fileRef = D0E1A091249C6BEE002F4670 /* LaunchScreen.storyboard */; };
		D0E8711C24A61E1C0001861C /* Cartography in Frameworks */ = {isa = PBXBuildFile; productRef = D0E8711B24A61E1C0001861C /* Cartography */; };
		D0E8CAA424A995F300A94935 /* FeedbackViewModel.swift in Sources */ = {isa = PBXBuildFile; fileRef = D0E8CAA024A995F300A94935 /* FeedbackViewModel.swift */; };
		D0E8CAA524A995F300A94935 /* FeedbackSection.swift in Sources */ = {isa = PBXBuildFile; fileRef = D0E8CAA124A995F300A94935 /* FeedbackSection.swift */; };
		D0E8CAA624A995F300A94935 /* FeedbackCell.swift in Sources */ = {isa = PBXBuildFile; fileRef = D0E8CAA224A995F300A94935 /* FeedbackCell.swift */; };
		D0E8CAA724A995F300A94935 /* FeedbackViewController.swift in Sources */ = {isa = PBXBuildFile; fileRef = D0E8CAA324A995F300A94935 /* FeedbackViewController.swift */; };
		D0E8CAAA24A9966100A94935 /* Action in Frameworks */ = {isa = PBXBuildFile; productRef = D0E8CAA924A9966100A94935 /* Action */; };
/* End PBXBuildFile section */

/* Begin PBXFileReference section */
		D015D38724AB158000E9839B /* Rx++.swift */ = {isa = PBXFileReference; lastKnownFileType = sourcecode.swift; path = "Rx++.swift"; sourceTree = "<group>"; };
		D0C9DCE124A8934F006CEFD3 /* Toast.swift */ = {isa = PBXFileReference; fileEncoding = 4; lastKnownFileType = sourcecode.swift; path = Toast.swift; sourceTree = "<group>"; };
		D0C9DCE324A8934F006CEFD3 /* BottomTextFieldDemoVC.swift */ = {isa = PBXFileReference; fileEncoding = 4; lastKnownFileType = sourcecode.swift; path = BottomTextFieldDemoVC.swift; sourceTree = "<group>"; };
		D0C9DCE424A8934F006CEFD3 /* BottomTextFieldDemo2VC.swift */ = {isa = PBXFileReference; fileEncoding = 4; lastKnownFileType = sourcecode.swift; path = BottomTextFieldDemo2VC.swift; sourceTree = "<group>"; };
		D0C9DCE524A8934F006CEFD3 /* DemoListViewController.swift */ = {isa = PBXFileReference; fileEncoding = 4; lastKnownFileType = sourcecode.swift; path = DemoListViewController.swift; sourceTree = "<group>"; };
		D0C9DCF024A8A804006CEFD3 /* Notification++.swift */ = {isa = PBXFileReference; lastKnownFileType = sourcecode.swift; path = "Notification++.swift"; sourceTree = "<group>"; };
		D0E1A083249C6BEB002F4670 /* BlogDemo.app */ = {isa = PBXFileReference; explicitFileType = wrapper.application; includeInIndex = 0; path = BlogDemo.app; sourceTree = BUILT_PRODUCTS_DIR; };
		D0E1A086249C6BEB002F4670 /* AppDelegate.swift */ = {isa = PBXFileReference; lastKnownFileType = sourcecode.swift; path = AppDelegate.swift; sourceTree = "<group>"; };
		D0E1A08F249C6BEE002F4670 /* Assets.xcassets */ = {isa = PBXFileReference; lastKnownFileType = folder.assetcatalog; path = Assets.xcassets; sourceTree = "<group>"; };
		D0E1A092249C6BEE002F4670 /* Base */ = {isa = PBXFileReference; lastKnownFileType = file.storyboard; name = Base; path = Base.lproj/LaunchScreen.storyboard; sourceTree = "<group>"; };
		D0E1A094249C6BEE002F4670 /* Info.plist */ = {isa = PBXFileReference; lastKnownFileType = text.plist.xml; path = Info.plist; sourceTree = "<group>"; };
		D0E8CAA024A995F300A94935 /* FeedbackViewModel.swift */ = {isa = PBXFileReference; fileEncoding = 4; lastKnownFileType = sourcecode.swift; path = FeedbackViewModel.swift; sourceTree = "<group>"; };
		D0E8CAA124A995F300A94935 /* FeedbackSection.swift */ = {isa = PBXFileReference; fileEncoding = 4; lastKnownFileType = sourcecode.swift; path = FeedbackSection.swift; sourceTree = "<group>"; };
		D0E8CAA224A995F300A94935 /* FeedbackCell.swift */ = {isa = PBXFileReference; fileEncoding = 4; lastKnownFileType = sourcecode.swift; path = FeedbackCell.swift; sourceTree = "<group>"; };
		D0E8CAA324A995F300A94935 /* FeedbackViewController.swift */ = {isa = PBXFileReference; fileEncoding = 4; lastKnownFileType = sourcecode.swift; path = FeedbackViewController.swift; sourceTree = "<group>"; };
/* End PBXFileReference section */

/* Begin PBXFrameworksBuildPhase section */
		D0E1A080249C6BEB002F4670 /* Frameworks */ = {
			isa = PBXFrameworksBuildPhase;
			buildActionMask = 2147483647;
			files = (
				D0C9DCDF24A892CC006CEFD3 /* RxCocoa in Frameworks */,
				D0AE3C8F249F0CA200C1DBFF /* Differentiator in Frameworks */,
				D0AE3C8D249F0CA200C1DBFF /* RxDataSources in Frameworks */,
				D0E8CAAA24A9966100A94935 /* Action in Frameworks */,
				D0C9DCDD24A892CC006CEFD3 /* RxSwift in Frameworks */,
				D0AE3C95249F13A400C1DBFF /* TinyConstraints in Frameworks */,
				D0E8711C24A61E1C0001861C /* Cartography in Frameworks */,
			);
			runOnlyForDeploymentPostprocessing = 0;
		};
/* End PBXFrameworksBuildPhase section */

/* Begin PBXGroup section */
		D0C9DCE024A8934F006CEFD3 /* Toolbox */ = {
			isa = PBXGroup;
			children = (
				D0C9DCEF24A8A7E8006CEFD3 /* Extension */,
				D0C9DCE124A8934F006CEFD3 /* Toast.swift */,
			);
			path = Toolbox;
			sourceTree = "<group>";
		};
		D0C9DCE224A8934F006CEFD3 /* ViewControllers */ = {
			isa = PBXGroup;
			children = (
				D0C9DCF224A8A8E4006CEFD3 /* Feedback */,
				D0C9DCE524A8934F006CEFD3 /* DemoListViewController.swift */,
				D0C9DCE324A8934F006CEFD3 /* BottomTextFieldDemoVC.swift */,
				D0C9DCE424A8934F006CEFD3 /* BottomTextFieldDemo2VC.swift */,
			);
			path = ViewControllers;
			sourceTree = "<group>";
		};
		D0C9DCEF24A8A7E8006CEFD3 /* Extension */ = {
			isa = PBXGroup;
			children = (
				D0C9DCF024A8A804006CEFD3 /* Notification++.swift */,
				D015D38724AB158000E9839B /* Rx++.swift */,
			);
			path = Extension;
			sourceTree = "<group>";
		};
		D0C9DCF224A8A8E4006CEFD3 /* Feedback */ = {
			isa = PBXGroup;
			children = (
				D0E8CAA224A995F300A94935 /* FeedbackCell.swift */,
				D0E8CAA124A995F300A94935 /* FeedbackSection.swift */,
				D0E8CAA324A995F300A94935 /* FeedbackViewController.swift */,
				D0E8CAA024A995F300A94935 /* FeedbackViewModel.swift */,
			);
			path = Feedback;
			sourceTree = "<group>";
		};
		D0E1A07A249C6BEB002F4670 = {
			isa = PBXGroup;
			children = (
				D0E1A085249C6BEB002F4670 /* BlogDemo */,
				D0E1A084249C6BEB002F4670 /* Products */,
			);
			sourceTree = "<group>";
		};
		D0E1A084249C6BEB002F4670 /* Products */ = {
			isa = PBXGroup;
			children = (
				D0E1A083249C6BEB002F4670 /* BlogDemo.app */,
			);
			name = Products;
			sourceTree = "<group>";
		};
		D0E1A085249C6BEB002F4670 /* BlogDemo */ = {
			isa = PBXGroup;
			children = (
				D0E1A086249C6BEB002F4670 /* AppDelegate.swift */,
				D0E1A08F249C6BEE002F4670 /* Assets.xcassets */,
				D0E1A091249C6BEE002F4670 /* LaunchScreen.storyboard */,
				D0E1A094249C6BEE002F4670 /* Info.plist */,
				D0C9DCE224A8934F006CEFD3 /* ViewControllers */,
				D0C9DCE024A8934F006CEFD3 /* Toolbox */,
			);
			path = BlogDemo;
			sourceTree = "<group>";
		};
/* End PBXGroup section */

/* Begin PBXNativeTarget section */
		D0E1A082249C6BEB002F4670 /* BlogDemo */ = {
			isa = PBXNativeTarget;
			buildConfigurationList = D0E1A0A2249C6BEE002F4670 /* Build configuration list for PBXNativeTarget "BlogDemo" */;
			buildPhases = (
				D0E1A07F249C6BEB002F4670 /* Sources */,
				D0E1A080249C6BEB002F4670 /* Frameworks */,
				D0E1A081249C6BEB002F4670 /* Resources */,
			);
			buildRules = (
			);
			dependencies = (
			);
			name = BlogDemo;
			packageProductDependencies = (
				D0AE3C8C249F0CA200C1DBFF /* RxDataSources */,
				D0AE3C8E249F0CA200C1DBFF /* Differentiator */,
				D0AE3C94249F13A400C1DBFF /* TinyConstraints */,
				D0E8711B24A61E1C0001861C /* Cartography */,
				D0C9DCDC24A892CC006CEFD3 /* RxSwift */,
				D0C9DCDE24A892CC006CEFD3 /* RxCocoa */,
				D0E8CAA924A9966100A94935 /* Action */,
			);
			productName = BlogDemo;
			productReference = D0E1A083249C6BEB002F4670 /* BlogDemo.app */;
			productType = "com.apple.product-type.application";
		};
/* End PBXNativeTarget section */

/* Begin PBXProject section */
		D0E1A07B249C6BEB002F4670 /* Project object */ = {
			isa = PBXProject;
			attributes = {
				LastSwiftUpdateCheck = 1150;
				LastUpgradeCheck = 1150;
				ORGANIZATIONNAME = Zeeshan;
				TargetAttributes = {
					D0E1A082249C6BEB002F4670 = {
						CreatedOnToolsVersion = 11.5;
					};
				};
			};
			buildConfigurationList = D0E1A07E249C6BEB002F4670 /* Build configuration list for PBXProject "BlogDemo" */;
			compatibilityVersion = "Xcode 9.3";
			developmentRegion = en;
			hasScannedForEncodings = 0;
			knownRegions = (
				en,
				Base,
			);
			mainGroup = D0E1A07A249C6BEB002F4670;
			packageReferences = (
				D0AE3C8B249F0CA200C1DBFF /* XCRemoteSwiftPackageReference "RxDataSources" */,
				D0AE3C93249F13A400C1DBFF /* XCRemoteSwiftPackageReference "TinyConstraints" */,
				D0E8711A24A61E1C0001861C /* XCRemoteSwiftPackageReference "Cartography" */,
				D0C9DCDB24A892CC006CEFD3 /* XCRemoteSwiftPackageReference "RxSwift" */,
				D0E8CAA824A9966100A94935 /* XCRemoteSwiftPackageReference "Action" */,
			);
			productRefGroup = D0E1A084249C6BEB002F4670 /* Products */;
			projectDirPath = "";
			projectRoot = "";
			targets = (
				D0E1A082249C6BEB002F4670 /* BlogDemo */,
			);
		};
/* End PBXProject section */

/* Begin PBXResourcesBuildPhase section */
		D0E1A081249C6BEB002F4670 /* Resources */ = {
			isa = PBXResourcesBuildPhase;
			buildActionMask = 2147483647;
			files = (
				D0E1A093249C6BEE002F4670 /* LaunchScreen.storyboard in Resources */,
				D0E1A090249C6BEE002F4670 /* Assets.xcassets in Resources */,
			);
			runOnlyForDeploymentPostprocessing = 0;
		};
/* End PBXResourcesBuildPhase section */

/* Begin PBXSourcesBuildPhase section */
		D0E1A07F249C6BEB002F4670 /* Sources */ = {
			isa = PBXSourcesBuildPhase;
			buildActionMask = 2147483647;
			files = (
				D0E1A087249C6BEB002F4670 /* AppDelegate.swift in Sources */,
				D0E8CAA624A995F300A94935 /* FeedbackCell.swift in Sources */,
				D0C9DCE924A8934F006CEFD3 /* DemoListViewController.swift in Sources */,
				D015D38824AB158000E9839B /* Rx++.swift in Sources */,
				D0E8CAA724A995F300A94935 /* FeedbackViewController.swift in Sources */,
				D0E8CAA524A995F300A94935 /* FeedbackSection.swift in Sources */,
				D0C9DCF124A8A804006CEFD3 /* Notification++.swift in Sources */,
				D0E8CAA424A995F300A94935 /* FeedbackViewModel.swift in Sources */,
				D0C9DCE824A8934F006CEFD3 /* BottomTextFieldDemo2VC.swift in Sources */,
				D0C9DCE624A8934F006CEFD3 /* Toast.swift in Sources */,
				D0C9DCE724A8934F006CEFD3 /* BottomTextFieldDemoVC.swift in Sources */,
			);
			runOnlyForDeploymentPostprocessing = 0;
		};
/* End PBXSourcesBuildPhase section */

/* Begin PBXVariantGroup section */
		D0E1A091249C6BEE002F4670 /* LaunchScreen.storyboard */ = {
			isa = PBXVariantGroup;
			children = (
				D0E1A092249C6BEE002F4670 /* Base */,
			);
			name = LaunchScreen.storyboard;
			sourceTree = "<group>";
		};
/* End PBXVariantGroup section */

/* Begin XCBuildConfiguration section */
		D0E1A0A0249C6BEE002F4670 /* Debug */ = {
			isa = XCBuildConfiguration;
			buildSettings = {
				ALWAYS_SEARCH_USER_PATHS = NO;
				CLANG_ANALYZER_NONNULL = YES;
				CLANG_ANALYZER_NUMBER_OBJECT_CONVERSION = YES_AGGRESSIVE;
				CLANG_CXX_LANGUAGE_STANDARD = "gnu++14";
				CLANG_CXX_LIBRARY = "libc++";
				CLANG_ENABLE_MODULES = YES;
				CLANG_ENABLE_OBJC_ARC = YES;
				CLANG_ENABLE_OBJC_WEAK = YES;
				CLANG_WARN_BLOCK_CAPTURE_AUTORELEASING = YES;
				CLANG_WARN_BOOL_CONVERSION = YES;
				CLANG_WARN_COMMA = YES;
				CLANG_WARN_CONSTANT_CONVERSION = YES;
				CLANG_WARN_DEPRECATED_OBJC_IMPLEMENTATIONS = YES;
				CLANG_WARN_DIRECT_OBJC_ISA_USAGE = YES_ERROR;
				CLANG_WARN_DOCUMENTATION_COMMENTS = YES;
				CLANG_WARN_EMPTY_BODY = YES;
				CLANG_WARN_ENUM_CONVERSION = YES;
				CLANG_WARN_INFINITE_RECURSION = YES;
				CLANG_WARN_INT_CONVERSION = YES;
				CLANG_WARN_NON_LITERAL_NULL_CONVERSION = YES;
				CLANG_WARN_OBJC_IMPLICIT_RETAIN_SELF = YES;
				CLANG_WARN_OBJC_LITERAL_CONVERSION = YES;
				CLANG_WARN_OBJC_ROOT_CLASS = YES_ERROR;
				CLANG_WARN_RANGE_LOOP_ANALYSIS = YES;
				CLANG_WARN_STRICT_PROTOTYPES = YES;
				CLANG_WARN_SUSPICIOUS_MOVE = YES;
				CLANG_WARN_UNGUARDED_AVAILABILITY = YES_AGGRESSIVE;
				CLANG_WARN_UNREACHABLE_CODE = YES;
				CLANG_WARN__DUPLICATE_METHOD_MATCH = YES;
				COPY_PHASE_STRIP = NO;
				DEBUG_INFORMATION_FORMAT = dwarf;
				ENABLE_STRICT_OBJC_MSGSEND = YES;
				ENABLE_TESTABILITY = YES;
				GCC_C_LANGUAGE_STANDARD = gnu11;
				GCC_DYNAMIC_NO_PIC = NO;
				GCC_NO_COMMON_BLOCKS = YES;
				GCC_OPTIMIZATION_LEVEL = 0;
				GCC_PREPROCESSOR_DEFINITIONS = (
					"DEBUG=1",
					"$(inherited)",
				);
				GCC_WARN_64_TO_32_BIT_CONVERSION = YES;
				GCC_WARN_ABOUT_RETURN_TYPE = YES_ERROR;
				GCC_WARN_UNDECLARED_SELECTOR = YES;
				GCC_WARN_UNINITIALIZED_AUTOS = YES_AGGRESSIVE;
				GCC_WARN_UNUSED_FUNCTION = YES;
				GCC_WARN_UNUSED_VARIABLE = YES;
				IPHONEOS_DEPLOYMENT_TARGET = 13.5;
				MTL_ENABLE_DEBUG_INFO = INCLUDE_SOURCE;
				MTL_FAST_MATH = YES;
				ONLY_ACTIVE_ARCH = YES;
				OTHER_LDFLAGS = "";
				SDKROOT = iphoneos;
				SWIFT_ACTIVE_COMPILATION_CONDITIONS = DEBUG;
				SWIFT_OPTIMIZATION_LEVEL = "-Onone";
			};
			name = Debug;
		};
		D0E1A0A1249C6BEE002F4670 /* Release */ = {
			isa = XCBuildConfiguration;
			buildSettings = {
				ALWAYS_SEARCH_USER_PATHS = NO;
				CLANG_ANALYZER_NONNULL = YES;
				CLANG_ANALYZER_NUMBER_OBJECT_CONVERSION = YES_AGGRESSIVE;
				CLANG_CXX_LANGUAGE_STANDARD = "gnu++14";
				CLANG_CXX_LIBRARY = "libc++";
				CLANG_ENABLE_MODULES = YES;
				CLANG_ENABLE_OBJC_ARC = YES;
				CLANG_ENABLE_OBJC_WEAK = YES;
				CLANG_WARN_BLOCK_CAPTURE_AUTORELEASING = YES;
				CLANG_WARN_BOOL_CONVERSION = YES;
				CLANG_WARN_COMMA = YES;
				CLANG_WARN_CONSTANT_CONVERSION = YES;
				CLANG_WARN_DEPRECATED_OBJC_IMPLEMENTATIONS = YES;
				CLANG_WARN_DIRECT_OBJC_ISA_USAGE = YES_ERROR;
				CLANG_WARN_DOCUMENTATION_COMMENTS = YES;
				CLANG_WARN_EMPTY_BODY = YES;
				CLANG_WARN_ENUM_CONVERSION = YES;
				CLANG_WARN_INFINITE_RECURSION = YES;
				CLANG_WARN_INT_CONVERSION = YES;
				CLANG_WARN_NON_LITERAL_NULL_CONVERSION = YES;
				CLANG_WARN_OBJC_IMPLICIT_RETAIN_SELF = YES;
				CLANG_WARN_OBJC_LITERAL_CONVERSION = YES;
				CLANG_WARN_OBJC_ROOT_CLASS = YES_ERROR;
				CLANG_WARN_RANGE_LOOP_ANALYSIS = YES;
				CLANG_WARN_STRICT_PROTOTYPES = YES;
				CLANG_WARN_SUSPICIOUS_MOVE = YES;
				CLANG_WARN_UNGUARDED_AVAILABILITY = YES_AGGRESSIVE;
				CLANG_WARN_UNREACHABLE_CODE = YES;
				CLANG_WARN__DUPLICATE_METHOD_MATCH = YES;
				COPY_PHASE_STRIP = NO;
				DEBUG_INFORMATION_FORMAT = "dwarf-with-dsym";
				ENABLE_NS_ASSERTIONS = NO;
				ENABLE_STRICT_OBJC_MSGSEND = YES;
				GCC_C_LANGUAGE_STANDARD = gnu11;
				GCC_NO_COMMON_BLOCKS = YES;
				GCC_WARN_64_TO_32_BIT_CONVERSION = YES;
				GCC_WARN_ABOUT_RETURN_TYPE = YES_ERROR;
				GCC_WARN_UNDECLARED_SELECTOR = YES;
				GCC_WARN_UNINITIALIZED_AUTOS = YES_AGGRESSIVE;
				GCC_WARN_UNUSED_FUNCTION = YES;
				GCC_WARN_UNUSED_VARIABLE = YES;
				IPHONEOS_DEPLOYMENT_TARGET = 13.5;
				MTL_ENABLE_DEBUG_INFO = NO;
				MTL_FAST_MATH = YES;
				SDKROOT = iphoneos;
				SWIFT_COMPILATION_MODE = wholemodule;
				SWIFT_OPTIMIZATION_LEVEL = "-O";
				VALIDATE_PRODUCT = YES;
			};
			name = Release;
		};
		D0E1A0A3249C6BEE002F4670 /* Debug */ = {
			isa = XCBuildConfiguration;
			buildSettings = {
				ASSETCATALOG_COMPILER_APPICON_NAME = AppIcon;
				CODE_SIGN_STYLE = Automatic;
				DEVELOPMENT_TEAM = UT34FQ82R2;
				INFOPLIST_FILE = BlogDemo/Info.plist;
				LD_RUNPATH_SEARCH_PATHS = (
					"$(inherited)",
					"@executable_path/Frameworks",
				);
				PRODUCT_BUNDLE_IDENTIFIER = com.zeeshan.BlogDemo;
				PRODUCT_NAME = "$(TARGET_NAME)";
				SWIFT_VERSION = 5.0;
				TARGETED_DEVICE_FAMILY = 1;
			};
			name = Debug;
		};
		D0E1A0A4249C6BEE002F4670 /* Release */ = {
			isa = XCBuildConfiguration;
			buildSettings = {
				ASSETCATALOG_COMPILER_APPICON_NAME = AppIcon;
				CODE_SIGN_STYLE = Automatic;
				DEVELOPMENT_TEAM = UT34FQ82R2;
				INFOPLIST_FILE = BlogDemo/Info.plist;
				LD_RUNPATH_SEARCH_PATHS = (
					"$(inherited)",
					"@executable_path/Frameworks",
				);
				PRODUCT_BUNDLE_IDENTIFIER = com.zeeshan.BlogDemo;
				PRODUCT_NAME = "$(TARGET_NAME)";
				SWIFT_VERSION = 5.0;
				TARGETED_DEVICE_FAMILY = 1;
			};
			name = Release;
		};
/* End XCBuildConfiguration section */

/* Begin XCConfigurationList section */
		D0E1A07E249C6BEB002F4670 /* Build configuration list for PBXProject "BlogDemo" */ = {
			isa = XCConfigurationList;
			buildConfigurations = (
				D0E1A0A0249C6BEE002F4670 /* Debug */,
				D0E1A0A1249C6BEE002F4670 /* Release */,
			);
			defaultConfigurationIsVisible = 0;
			defaultConfigurationName = Release;
		};
		D0E1A0A2249C6BEE002F4670 /* Build configuration list for PBXNativeTarget "BlogDemo" */ = {
			isa = XCConfigurationList;
			buildConfigurations = (
				D0E1A0A3249C6BEE002F4670 /* Debug */,
				D0E1A0A4249C6BEE002F4670 /* Release */,
			);
			defaultConfigurationIsVisible = 0;
			defaultConfigurationName = Release;
		};
/* End XCConfigurationList section */

/* Begin XCRemoteSwiftPackageReference section */
		D0AE3C8B249F0CA200C1DBFF /* XCRemoteSwiftPackageReference "RxDataSources" */ = {
			isa = XCRemoteSwiftPackageReference;
			repositoryURL = "https://github.com/RxSwiftCommunity/RxDataSources";
			requirement = {
				kind = upToNextMajorVersion;
				minimumVersion = 4.0.1;
			};
		};
		D0AE3C93249F13A400C1DBFF /* XCRemoteSwiftPackageReference "TinyConstraints" */ = {
			isa = XCRemoteSwiftPackageReference;
			repositoryURL = "https://github.com/roberthein/TinyConstraints";
			requirement = {
				kind = upToNextMajorVersion;
				minimumVersion = 4.0.1;
			};
		};
		D0C9DCDB24A892CC006CEFD3 /* XCRemoteSwiftPackageReference "RxSwift" */ = {
			isa = XCRemoteSwiftPackageReference;
			repositoryURL = "https://github.com/ReactiveX/RxSwift";
			requirement = {
				kind = upToNextMajorVersion;
				minimumVersion = 5.1.1;
			};
		};
		D0E8711A24A61E1C0001861C /* XCRemoteSwiftPackageReference "Cartography" */ = {
			isa = XCRemoteSwiftPackageReference;
			repositoryURL = "https://github.com/robb/Cartography";
			requirement = {
				kind = upToNextMajorVersion;
				minimumVersion = 4.0.0;
			};
		};
		D0E8CAA824A9966100A94935 /* XCRemoteSwiftPackageReference "Action" */ = {
			isa = XCRemoteSwiftPackageReference;
			repositoryURL = "https://github.com/RxSwiftCommunity/Action";
			requirement = {
				kind = upToNextMajorVersion;
				minimumVersion = 4.1.0;
			};
		};
/* End XCRemoteSwiftPackageReference section */

/* Begin XCSwiftPackageProductDependency section */
		D0AE3C8C249F0CA200C1DBFF /* RxDataSources */ = {
			isa = XCSwiftPackageProductDependency;
			package = D0AE3C8B249F0CA200C1DBFF /* XCRemoteSwiftPackageReference "RxDataSources" */;
			productName = RxDataSources;
		};
		D0AE3C8E249F0CA200C1DBFF /* Differentiator */ = {
			isa = XCSwiftPackageProductDependency;
			package = D0AE3C8B249F0CA200C1DBFF /* XCRemoteSwiftPackageReference "RxDataSources" */;
			productName = Differentiator;
		};
		D0AE3C94249F13A400C1DBFF /* TinyConstraints */ = {
			isa = XCSwiftPackageProductDependency;
			package = D0AE3C93249F13A400C1DBFF /* XCRemoteSwiftPackageReference "TinyConstraints" */;
			productName = TinyConstraints;
		};
		D0C9DCDC24A892CC006CEFD3 /* RxSwift */ = {
			isa = XCSwiftPackageProductDependency;
			package = D0C9DCDB24A892CC006CEFD3 /* XCRemoteSwiftPackageReference "RxSwift" */;
			productName = RxSwift;
		};
		D0C9DCDE24A892CC006CEFD3 /* RxCocoa */ = {
			isa = XCSwiftPackageProductDependency;
			package = D0C9DCDB24A892CC006CEFD3 /* XCRemoteSwiftPackageReference "RxSwift" */;
			productName = RxCocoa;
		};
		D0E8711B24A61E1C0001861C /* Cartography */ = {
			isa = XCSwiftPackageProductDependency;
			package = D0E8711A24A61E1C0001861C /* XCRemoteSwiftPackageReference "Cartography" */;
			productName = Cartography;
		};
		D0E8CAA924A9966100A94935 /* Action */ = {
			isa = XCSwiftPackageProductDependency;
			package = D0E8CAA824A9966100A94935 /* XCRemoteSwiftPackageReference "Action" */;
			productName = Action;
		};
/* End XCSwiftPackageProductDependency section */
	};
	rootObject = D0E1A07B249C6BEB002F4670 /* Project object */;
}
